
Microsoft Visual Studio Solution File, Format Version 12.00
# Visual Studio Version 16
VisualStudioVersion = 16.0.28809.33
MinimumVisualStudioVersion = 10.0.40219.1
Project("{FAE04EC0-301F-11D3-BF4B-00C04F79EFBC}") = "KAkica_API", "KAkica_API\KAkica_API.csproj", "{89C551E1-FBF0-478B-A7DB-D6FE714639AA}"
EndProject
Project("{9A19103F-16F7-4668-BE54-9A1E7A4F7556}") = "KAkica.Communication", "KAkica.Communication\KAkica.Communication.csproj", "{0973D4F4-13A7-4645-8676-AF7873CC4EA8}"
EndProject
Project("{9A19103F-16F7-4668-BE54-9A1E7A4F7556}") = "KAkica.Domain", "KAkica.Domain\KAkica.Domain.csproj", "{FFEF7DA2-35AB-4732-8388-42461B4797CA}"
EndProject
Project("{9A19103F-16F7-4668-BE54-9A1E7A4F7556}") = "KAkica.Service", "KAkica.Service\KAkica.Service.csproj", "{2914ABD9-EA35-44D4-99FB-B313C73885E7}"
EndProject
Global
	GlobalSection(SolutionConfigurationPlatforms) = preSolution
		Debug|Any CPU = Debug|Any CPU
		Release|Any CPU = Release|Any CPU
	EndGlobalSection
	GlobalSection(ProjectConfigurationPlatforms) = postSolution
		{89C551E1-FBF0-478B-A7DB-D6FE714639AA}.Debug|Any CPU.ActiveCfg = Debug|Any CPU
		{89C551E1-FBF0-478B-A7DB-D6FE714639AA}.Debug|Any CPU.Build.0 = Debug|Any CPU
		{89C551E1-FBF0-478B-A7DB-D6FE714639AA}.Release|Any CPU.ActiveCfg = Release|Any CPU
		{89C551E1-FBF0-478B-A7DB-D6FE714639AA}.Release|Any CPU.Build.0 = Release|Any CPU
		{0973D4F4-13A7-4645-8676-AF7873CC4EA8}.Debug|Any CPU.ActiveCfg = Debug|Any CPU
		{0973D4F4-13A7-4645-8676-AF7873CC4EA8}.Debug|Any CPU.Build.0 = Debug|Any CPU
		{0973D4F4-13A7-4645-8676-AF7873CC4EA8}.Release|Any CPU.ActiveCfg = Release|Any CPU
		{0973D4F4-13A7-4645-8676-AF7873CC4EA8}.Release|Any CPU.Build.0 = Release|Any CPU
		{FFEF7DA2-35AB-4732-8388-42461B4797CA}.Debug|Any CPU.ActiveCfg = Debug|Any CPU
		{FFEF7DA2-35AB-4732-8388-42461B4797CA}.Debug|Any CPU.Build.0 = Debug|Any CPU
		{FFEF7DA2-35AB-4732-8388-42461B4797CA}.Release|Any CPU.ActiveCfg = Release|Any CPU
		{FFEF7DA2-35AB-4732-8388-42461B4797CA}.Release|Any CPU.Build.0 = Release|Any CPU
		{2914ABD9-EA35-44D4-99FB-B313C73885E7}.Debug|Any CPU.ActiveCfg = Debug|Any CPU
		{2914ABD9-EA35-44D4-99FB-B313C73885E7}.Debug|Any CPU.Build.0 = Debug|Any CPU
		{2914ABD9-EA35-44D4-99FB-B313C73885E7}.Release|Any CPU.ActiveCfg = Release|Any CPU
		{2914ABD9-EA35-44D4-99FB-B313C73885E7}.Release|Any CPU.Build.0 = Release|Any CPU
	EndGlobalSection
	GlobalSection(SolutionProperties) = preSolution
		HideSolutionNode = FALSE
	EndGlobalSection
	GlobalSection(ExtensibilityGlobals) = postSolution
		SolutionGuid = {5C5681AD-F089-4366-AF70-F54FEE5B37A7}
	EndGlobalSection
EndGlobal
